
Microsoft Visual Studio Solution File, Format Version 12.00
# Visual Studio Version 17
VisualStudioVersion = 17.1.32113.165
MinimumVisualStudioVersion = 10.0.40219.1
Project("{9A19103F-16F7-4668-BE54-9A1E7A4F7556}") = "DirectumConnector", "DirectumConnector\DirectumConnector.csproj", "{848F1B93-6F60-4E1B-BF14-395F13EE064A}"
EndProject
Project("{9A19103F-16F7-4668-BE54-9A1E7A4F7556}") = "ConsoleApp", "ConsoleApp\ConsoleApp.csproj", "{1CCEB11A-5ED0-4C34-95F2-4B1993B8C8D6}"
EndProject
Project("{9A19103F-16F7-4668-BE54-9A1E7A4F7556}") = "Connector1CUpp", "Connector1CUpp\Connector1CUpp.csproj", "{C689CA7C-C995-488B-86B9-4163F88D1440}"
EndProject
Project("{9A19103F-16F7-4668-BE54-9A1E7A4F7556}") = "Synchronizer", "Synchronizer\Synchronizer.csproj", "{4D54B16C-3A20-4A03-880F-E57272C55718}"
EndProject
Project("{9A19103F-16F7-4668-BE54-9A1E7A4F7556}") = "Connector1CDO", "Connector1CDO\Connector1CDO.csproj", "{ABEAD514-AC75-4622-A762-52E5A4D5A3C9}"
EndProject
Global
	GlobalSection(SolutionConfigurationPlatforms) = preSolution
		Debug|Any CPU = Debug|Any CPU
		Release|Any CPU = Release|Any CPU
	EndGlobalSection
	GlobalSection(ProjectConfigurationPlatforms) = postSolution
		{848F1B93-6F60-4E1B-BF14-395F13EE064A}.Debug|Any CPU.ActiveCfg = Debug|Any CPU
		{848F1B93-6F60-4E1B-BF14-395F13EE064A}.Debug|Any CPU.Build.0 = Debug|Any CPU
		{848F1B93-6F60-4E1B-BF14-395F13EE064A}.Release|Any CPU.ActiveCfg = Release|Any CPU
		{848F1B93-6F60-4E1B-BF14-395F13EE064A}.Release|Any CPU.Build.0 = Release|Any CPU
		{1CCEB11A-5ED0-4C34-95F2-4B1993B8C8D6}.Debug|Any CPU.ActiveCfg = Debug|Any CPU
		{1CCEB11A-5ED0-4C34-95F2-4B1993B8C8D6}.Debug|Any CPU.Build.0 = Debug|Any CPU
		{1CCEB11A-5ED0-4C34-95F2-4B1993B8C8D6}.Release|Any CPU.ActiveCfg = Release|Any CPU
		{1CCEB11A-5ED0-4C34-95F2-4B1993B8C8D6}.Release|Any CPU.Build.0 = Release|Any CPU
		{C689CA7C-C995-488B-86B9-4163F88D1440}.Debug|Any CPU.ActiveCfg = Debug|Any CPU
		{C689CA7C-C995-488B-86B9-4163F88D1440}.Debug|Any CPU.Build.0 = Debug|Any CPU
		{C689CA7C-C995-488B-86B9-4163F88D1440}.Release|Any CPU.ActiveCfg = Release|Any CPU
		{C689CA7C-C995-488B-86B9-4163F88D1440}.Release|Any CPU.Build.0 = Release|Any CPU
		{4D54B16C-3A20-4A03-880F-E57272C55718}.Debug|Any CPU.ActiveCfg = Debug|Any CPU
		{4D54B16C-3A20-4A03-880F-E57272C55718}.Debug|Any CPU.Build.0 = Debug|Any CPU
		{4D54B16C-3A20-4A03-880F-E57272C55718}.Release|Any CPU.ActiveCfg = Release|Any CPU
		{4D54B16C-3A20-4A03-880F-E57272C55718}.Release|Any CPU.Build.0 = Release|Any CPU
		{ABEAD514-AC75-4622-A762-52E5A4D5A3C9}.Debug|Any CPU.ActiveCfg = Debug|Any CPU
		{ABEAD514-AC75-4622-A762-52E5A4D5A3C9}.Debug|Any CPU.Build.0 = Debug|Any CPU
		{ABEAD514-AC75-4622-A762-52E5A4D5A3C9}.Release|Any CPU.ActiveCfg = Release|Any CPU
		{ABEAD514-AC75-4622-A762-52E5A4D5A3C9}.Release|Any CPU.Build.0 = Release|Any CPU
	EndGlobalSection
	GlobalSection(SolutionProperties) = preSolution
		HideSolutionNode = FALSE
	EndGlobalSection
	GlobalSection(ExtensibilityGlobals) = postSolution
		SolutionGuid = {34B2FEFD-6736-457C-AB84-01756D5E2559}
	EndGlobalSection
EndGlobal
